
Microsoft Visual Studio Solution File, Format Version 12.00
# Visual Studio Version 17
VisualStudioVersion = 17.11.35312.102
MinimumVisualStudioVersion = 10.0.40219.1
Project("{FAE04EC0-301F-11D3-BF4B-00C04F79EFBC}") = "CinematicSkipper_Road96_Mod", "CinematicSkipper_Road96_Mod\CinematicSkipper_Road96_Mod.csproj", "{7D6D2D03-FF5E-4804-884F-31077D56A75E}"
EndProject
Global
	GlobalSection(SolutionConfigurationPlatforms) = preSolution
		Debug|Any CPU = Debug|Any CPU
		Release|Any CPU = Release|Any CPU
	EndGlobalSection
	GlobalSection(ProjectConfigurationPlatforms) = postSolution
		{7D6D2D03-FF5E-4804-884F-31077D56A75E}.Debug|Any CPU.ActiveCfg = Debug|Any CPU
		{7D6D2D03-FF5E-4804-884F-31077D56A75E}.Debug|Any CPU.Build.0 = Debug|Any CPU
		{7D6D2D03-FF5E-4804-884F-31077D56A75E}.Release|Any CPU.ActiveCfg = Release|Any CPU
		{7D6D2D03-FF5E-4804-884F-31077D56A75E}.Release|Any CPU.Build.0 = Release|Any CPU
	EndGlobalSection
	GlobalSection(SolutionProperties) = preSolution
		HideSolutionNode = FALSE
	EndGlobalSection
	GlobalSection(ExtensibilityGlobals) = postSolution
		SolutionGuid = {F23D7599-A0B6-4E7A-8D22-0ECC329185D4}
	EndGlobalSection
EndGlobal
